{
  "name": "sneakerboss",
  "lockfileVersion": 2,
  "requires": true,
  "packages": {
    "": {
      "dependencies": {
        "js-pimcore-formbuilder": "^1.0.4"
      }
    },
    "node_modules/dropzone": {
      "version": "5.9.3",
      "resolved": "https://registry.npmjs.org/dropzone/-/dropzone-5.9.3.tgz",
      "integrity": "sha512-Azk8kD/2/nJIuVPK+zQ9sjKMRIpRvNyqn9XwbBHNq+iNuSccbJS6hwm1Woy0pMST0erSo0u4j+KJaodndDk4vA==",
      "peer": true
    },
    "node_modules/js-pimcore-formbuilder": {
      "version": "1.0.4",
      "resolved": "https://registry.npmjs.org/js-pimcore-formbuilder/-/js-pimcore-formbuilder-1.0.4.tgz",
      "integrity": "sha512-6n/Kb0tWYewEtrCD36fNiFP7/A8+RiGT/7y3uVvfSF2p6bSd8WvCrPVZFwUm68if1Q0nAaO5jIJRwXczn9XoEQ==",
      "peerDependencies": {
        "dropzone": "^5.9.3"
      }
    }
  },
  "dependencies": {
    "dropzone": {
      "version": "5.9.3",
      "resolved": "https://registry.npmjs.org/dropzone/-/dropzone-5.9.3.tgz",
      "integrity": "sha512-Azk8kD/2/nJIuVPK+zQ9sjKMRIpRvNyqn9XwbBHNq+iNuSccbJS6hwm1Woy0pMST0erSo0u4j+KJaodndDk4vA==",
      "peer": true
    },
    "js-pimcore-formbuilder": {
      "version": "1.0.4",
      "resolved": "https://registry.npmjs.org/js-pimcore-formbuilder/-/js-pimcore-formbuilder-1.0.4.tgz",
      "integrity": "sha512-6n/Kb0tWYewEtrCD36fNiFP7/A8+RiGT/7y3uVvfSF2p6bSd8WvCrPVZFwUm68if1Q0nAaO5jIJRwXczn9XoEQ==",
      "requires": {}
    }
  }
}
